
Microsoft Visual Studio Solution File, Format Version 12.00
# Visual Studio Version 17
VisualStudioVersion = 17.2.32616.157
MinimumVisualStudioVersion = 10.0.40219.1
Project("{FAE04EC0-301F-11D3-BF4B-00C04F79EFBC}") = "HeroSlidebarTranslator", "HeroSlidebarTranslator.csproj", "{8425BB90-060B-4CAA-894E-2AAAC11D9E30}"
EndProject
Project("{2150E333-8FDC-42A3-9474-1A3956D46DE8}") = "Solution Items", "Solution Items", "{2CDC0C80-0D2D-4CFD-A089-A6EF0FAAD7F2}"
	ProjectSection(SolutionItems) = preProject
		.editorconfig = .editorconfig
		KeybindingField.xaml = KeybindingField.xaml
	EndProjectSection
EndProject
Project("{840C416C-B8F3-42BC-B0DD-F6BB14C9F8CB}") = "HeroSlidebarTranslator-Setup", "..\HeroSlidebarTranslator-Setup\HeroSlidebarTranslator-Setup.aiproj", "{0D193FE3-4FC9-4A11-B2AD-37C131F893B4}"
EndProject
Global
	GlobalSection(SolutionConfigurationPlatforms) = preSolution
		All|Any CPU = All|Any CPU
		Debug|Any CPU = Debug|Any CPU
		Release|Any CPU = Release|Any CPU
	EndGlobalSection
	GlobalSection(ProjectConfigurationPlatforms) = postSolution
		{8425BB90-060B-4CAA-894E-2AAAC11D9E30}.All|Any CPU.ActiveCfg = Release|Any CPU
		{8425BB90-060B-4CAA-894E-2AAAC11D9E30}.All|Any CPU.Build.0 = Release|Any CPU
		{8425BB90-060B-4CAA-894E-2AAAC11D9E30}.Debug|Any CPU.ActiveCfg = Debug|Any CPU
		{8425BB90-060B-4CAA-894E-2AAAC11D9E30}.Debug|Any CPU.Build.0 = Debug|Any CPU
		{8425BB90-060B-4CAA-894E-2AAAC11D9E30}.Release|Any CPU.ActiveCfg = Release|Any CPU
		{8425BB90-060B-4CAA-894E-2AAAC11D9E30}.Release|Any CPU.Build.0 = Release|Any CPU
		{0D193FE3-4FC9-4A11-B2AD-37C131F893B4}.All|Any CPU.ActiveCfg = All
		{0D193FE3-4FC9-4A11-B2AD-37C131F893B4}.All|Any CPU.Build.0 = All
		{0D193FE3-4FC9-4A11-B2AD-37C131F893B4}.Debug|Any CPU.ActiveCfg = All
		{0D193FE3-4FC9-4A11-B2AD-37C131F893B4}.Debug|Any CPU.Build.0 = All
		{0D193FE3-4FC9-4A11-B2AD-37C131F893B4}.Release|Any CPU.ActiveCfg = All
		{0D193FE3-4FC9-4A11-B2AD-37C131F893B4}.Release|Any CPU.Build.0 = All
	EndGlobalSection
	GlobalSection(SolutionProperties) = preSolution
		HideSolutionNode = FALSE
	EndGlobalSection
	GlobalSection(ExtensibilityGlobals) = postSolution
		SolutionGuid = {DB7D64A9-ECD0-4035-AB4C-0EFBF638E491}
	EndGlobalSection
EndGlobal
